
Microsoft Visual Studio Solution File, Format Version 12.00
# Visual Studio Version 16
VisualStudioVersion = 16.0.29709.97
MinimumVisualStudioVersion = 10.0.40219.1
Project("{FAE04EC0-301F-11D3-BF4B-00C04F79EFBC}") = "ACOpenProtocol", "ACOpenProtocol\ACOpenProtocol.csproj", "{A66EDA75-78FB-4FE6-B68B-CF6CAE08E234}"
EndProject
Global
	GlobalSection(SolutionConfigurationPlatforms) = preSolution
		Debug|Any CPU = Debug|Any CPU
		Release|Any CPU = Release|Any CPU
	EndGlobalSection
	GlobalSection(ProjectConfigurationPlatforms) = postSolution
		{A66EDA75-78FB-4FE6-B68B-CF6CAE08E234}.Debug|Any CPU.ActiveCfg = Debug|Any CPU
		{A66EDA75-78FB-4FE6-B68B-CF6CAE08E234}.Debug|Any CPU.Build.0 = Debug|Any CPU
		{A66EDA75-78FB-4FE6-B68B-CF6CAE08E234}.Release|Any CPU.ActiveCfg = Release|Any CPU
		{A66EDA75-78FB-4FE6-B68B-CF6CAE08E234}.Release|Any CPU.Build.0 = Release|Any CPU
	EndGlobalSection
	GlobalSection(SolutionProperties) = preSolution
		HideSolutionNode = FALSE
	EndGlobalSection
	GlobalSection(ExtensibilityGlobals) = postSolution
		SolutionGuid = {B8FA4625-96E3-4F70-8BF1-06A1E7F45629}
	EndGlobalSection
EndGlobal
